
Microsoft Visual Studio Solution File, Format Version 12.00
# Visual Studio Version 16
VisualStudioVersion = 16.0.31624.102
MinimumVisualStudioVersion = 10.0.40219.1
Project("{FAE04EC0-301F-11D3-BF4B-00C04F79EFBC}") = "Home_service_asp_net_mvc_project", "Home_service_asp_net_mvc_project\Home_service_asp_net_mvc_project.csproj", "{C2A74498-C6CB-4D6B-A836-E6C3992C6EB5}"
EndProject
Global
	GlobalSection(SolutionConfigurationPlatforms) = preSolution
		Debug|Any CPU = Debug|Any CPU
		Release|Any CPU = Release|Any CPU
	EndGlobalSection
	GlobalSection(ProjectConfigurationPlatforms) = postSolution
		{C2A74498-C6CB-4D6B-A836-E6C3992C6EB5}.Debug|Any CPU.ActiveCfg = Debug|Any CPU
		{C2A74498-C6CB-4D6B-A836-E6C3992C6EB5}.Debug|Any CPU.Build.0 = Debug|Any CPU
		{C2A74498-C6CB-4D6B-A836-E6C3992C6EB5}.Release|Any CPU.ActiveCfg = Release|Any CPU
		{C2A74498-C6CB-4D6B-A836-E6C3992C6EB5}.Release|Any CPU.Build.0 = Release|Any CPU
	EndGlobalSection
	GlobalSection(SolutionProperties) = preSolution
		HideSolutionNode = FALSE
	EndGlobalSection
	GlobalSection(ExtensibilityGlobals) = postSolution
		SolutionGuid = {BC3912DB-3CCC-4E18-8A70-BB2FC85AE5CF}
	EndGlobalSection
EndGlobal
