
Microsoft Visual Studio Solution File, Format Version 12.00
# Visual Studio Version 16
VisualStudioVersion = 16.0.30804.86
MinimumVisualStudioVersion = 10.0.40219.1
Project("{FAE04EC0-301F-11D3-BF4B-00C04F79EFBC}") = "Ghor-Sheba", "Ghor-Sheba.csproj", "{89EB48D9-6255-4BCA-A6E2-32638975A470}"
EndProject
Global
	GlobalSection(SolutionConfigurationPlatforms) = preSolution
		Debug|Any CPU = Debug|Any CPU
		Release|Any CPU = Release|Any CPU
	EndGlobalSection
	GlobalSection(ProjectConfigurationPlatforms) = postSolution
		{89EB48D9-6255-4BCA-A6E2-32638975A470}.Debug|Any CPU.ActiveCfg = Debug|Any CPU
		{89EB48D9-6255-4BCA-A6E2-32638975A470}.Debug|Any CPU.Build.0 = Debug|Any CPU
		{89EB48D9-6255-4BCA-A6E2-32638975A470}.Release|Any CPU.ActiveCfg = Release|Any CPU
		{89EB48D9-6255-4BCA-A6E2-32638975A470}.Release|Any CPU.Build.0 = Release|Any CPU
	EndGlobalSection
	GlobalSection(SolutionProperties) = preSolution
		HideSolutionNode = FALSE
	EndGlobalSection
	GlobalSection(ExtensibilityGlobals) = postSolution
		SolutionGuid = {86131FA9-8CE2-4861-BAAE-DFB9FB7CAFA2}
	EndGlobalSection
EndGlobal
