
Microsoft Visual Studio Solution File, Format Version 12.00
# Visual Studio Version 16
VisualStudioVersion = 16.0.31729.503
MinimumVisualStudioVersion = 10.0.40219.1
Project("{FAE04EC0-301F-11D3-BF4B-00C04F79EFBC}") = "home_service", "home_service\home_service.csproj", "{CC46CC79-B9E8-4FF8-BB71-52004EB7425F}"
EndProject
Global
	GlobalSection(SolutionConfigurationPlatforms) = preSolution
		Debug|Any CPU = Debug|Any CPU
		Release|Any CPU = Release|Any CPU
	EndGlobalSection
	GlobalSection(ProjectConfigurationPlatforms) = postSolution
		{CC46CC79-B9E8-4FF8-BB71-52004EB7425F}.Debug|Any CPU.ActiveCfg = Debug|Any CPU
		{CC46CC79-B9E8-4FF8-BB71-52004EB7425F}.Debug|Any CPU.Build.0 = Debug|Any CPU
		{CC46CC79-B9E8-4FF8-BB71-52004EB7425F}.Release|Any CPU.ActiveCfg = Release|Any CPU
		{CC46CC79-B9E8-4FF8-BB71-52004EB7425F}.Release|Any CPU.Build.0 = Release|Any CPU
	EndGlobalSection
	GlobalSection(SolutionProperties) = preSolution
		HideSolutionNode = FALSE
	EndGlobalSection
	GlobalSection(ExtensibilityGlobals) = postSolution
		SolutionGuid = {DF1799E3-3A2B-4186-8B1E-32586A65375B}
	EndGlobalSection
EndGlobal
