
Microsoft Visual Studio Solution File, Format Version 12.00
# Visual Studio Version 16
VisualStudioVersion = 16.0.31624.102
MinimumVisualStudioVersion = 10.0.40219.1
Project("{FAE04EC0-301F-11D3-BF4B-00C04F79EFBC}") = "MyCV", "MyCV\MyCV.csproj", "{8A7E47D0-2BC9-489A-88CC-6E1A2F163BD7}"
EndProject
Global
	GlobalSection(SolutionConfigurationPlatforms) = preSolution
		Debug|Any CPU = Debug|Any CPU
		Release|Any CPU = Release|Any CPU
	EndGlobalSection
	GlobalSection(ProjectConfigurationPlatforms) = postSolution
		{8A7E47D0-2BC9-489A-88CC-6E1A2F163BD7}.Debug|Any CPU.ActiveCfg = Debug|Any CPU
		{8A7E47D0-2BC9-489A-88CC-6E1A2F163BD7}.Debug|Any CPU.Build.0 = Debug|Any CPU
		{8A7E47D0-2BC9-489A-88CC-6E1A2F163BD7}.Release|Any CPU.ActiveCfg = Release|Any CPU
		{8A7E47D0-2BC9-489A-88CC-6E1A2F163BD7}.Release|Any CPU.Build.0 = Release|Any CPU
	EndGlobalSection
	GlobalSection(SolutionProperties) = preSolution
		HideSolutionNode = FALSE
	EndGlobalSection
	GlobalSection(ExtensibilityGlobals) = postSolution
		SolutionGuid = {14D1E6BA-431C-45AB-B448-D140B0F65467}
	EndGlobalSection
EndGlobal
